
Microsoft Visual Studio Solution File, Format Version 12.00
# Visual Studio Version 17
VisualStudioVersion = 17.1.32421.90
MinimumVisualStudioVersion = 10.0.40219.1
Project("{FAE04EC0-301F-11D3-BF4B-00C04F79EFBC}") = "Карта Кохонена", "Карта Кохонена.csproj", "{292DEB8D-688D-445E-9310-FB1D51278F56}"
EndProject
Global
	GlobalSection(SolutionConfigurationPlatforms) = preSolution
		Debug|Any CPU = Debug|Any CPU
		Release|Any CPU = Release|Any CPU
	EndGlobalSection
	GlobalSection(ProjectConfigurationPlatforms) = postSolution
		{292DEB8D-688D-445E-9310-FB1D51278F56}.Debug|Any CPU.ActiveCfg = Debug|Any CPU
		{292DEB8D-688D-445E-9310-FB1D51278F56}.Debug|Any CPU.Build.0 = Debug|Any CPU
		{292DEB8D-688D-445E-9310-FB1D51278F56}.Release|Any CPU.ActiveCfg = Release|Any CPU
		{292DEB8D-688D-445E-9310-FB1D51278F56}.Release|Any CPU.Build.0 = Release|Any CPU
	EndGlobalSection
	GlobalSection(SolutionProperties) = preSolution
		HideSolutionNode = FALSE
	EndGlobalSection
	GlobalSection(ExtensibilityGlobals) = postSolution
		SolutionGuid = {9B90F057-8D7A-4CCE-BBC5-A5FEFA9C9707}
	EndGlobalSection
EndGlobal
